// !$*UTF8*$!
{
	archiveVersion = 1;
	classes = {
	};
	objectVersion = 46;
	objects = {

/* Begin PBXBuildFile section */
		B37158C21C9A4CB100B79626 /* AppDelegate.swift in Sources */ = {isa = PBXBuildFile; fileRef = B37158C11C9A4CB100B79626 /* AppDelegate.swift */; };
		B37158C41C9A4CB100B79626 /* GameScene.sks in Resources */ = {isa = PBXBuildFile; fileRef = B37158C31C9A4CB100B79626 /* GameScene.sks */; };
		B37158C61C9A4CB100B79626 /* GameScene.swift in Sources */ = {isa = PBXBuildFile; fileRef = B37158C51C9A4CB100B79626 /* GameScene.swift */; };
		B37158C81C9A4CB100B79626 /* GameViewController.swift in Sources */ = {isa = PBXBuildFile; fileRef = B37158C71C9A4CB100B79626 /* GameViewController.swift */; };
		B37158CB1C9A4CB100B79626 /* Main.storyboard in Resources */ = {isa = PBXBuildFile; fileRef = B37158C91C9A4CB100B79626 /* Main.storyboard */; };
		B37158CD1C9A4CB100B79626 /* Assets.xcassets in Resources */ = {isa = PBXBuildFile; fileRef = B37158CC1C9A4CB100B79626 /* Assets.xcassets */; };
		B37158D01C9A4CB100B79626 /* LaunchScreen.storyboard in Resources */ = {isa = PBXBuildFile; fileRef = B37158CE1C9A4CB100B79626 /* LaunchScreen.storyboard */; };
/* End PBXBuildFile section */

/* Begin PBXFileReference section */
		B37158BE1C9A4CB100B79626 /* SpaceShooter.app */ = {isa = PBXFileReference; explicitFileType = wrapper.application; includeInIndex = 0; path = SpaceShooter.app; sourceTree = BUILT_PRODUCTS_DIR; };
		B37158C11C9A4CB100B79626 /* AppDelegate.swift */ = {isa = PBXFileReference; lastKnownFileType = sourcecode.swift; path = AppDelegate.swift; sourceTree = "<group>"; };
		B37158C31C9A4CB100B79626 /* GameScene.sks */ = {isa = PBXFileReference; lastKnownFileType = file.sks; path = GameScene.sks; sourceTree = "<group>"; };
		B37158C51C9A4CB100B79626 /* GameScene.swift */ = {isa = PBXFileReference; lastKnownFileType = sourcecode.swift; path = GameScene.swift; sourceTree = "<group>"; };
		B37158C71C9A4CB100B79626 /* GameViewController.swift */ = {isa = PBXFileReference; lastKnownFileType = sourcecode.swift; path = GameViewController.swift; sourceTree = "<group>"; };
		B37158CA1C9A4CB100B79626 /* Base */ = {isa = PBXFileReference; lastKnownFileType = file.storyboard; name = Base; path = Base.lproj/Main.storyboard; sourceTree = "<group>"; };
		B37158CC1C9A4CB100B79626 /* Assets.xcassets */ = {isa = PBXFileReference; lastKnownFileType = folder.assetcatalog; path = Assets.xcassets; sourceTree = "<group>"; };
		B37158CF1C9A4CB100B79626 /* Base */ = {isa = PBXFileReference; lastKnownFileType = file.storyboard; name = Base; path = Base.lproj/LaunchScreen.storyboard; sourceTree = "<group>"; };
		B37158D11C9A4CB100B79626 /* Info.plist */ = {isa = PBXFileReference; lastKnownFileType = text.plist.xml; path = Info.plist; sourceTree = "<group>"; };
/* End PBXFileReference section */

/* Begin PBXFrameworksBuildPhase section */
		B37158BB1C9A4CB100B79626 /* Frameworks */ = {
			isa = PBXFrameworksBuildPhase;
			buildActionMask = 2147483647;
			files = (
			);
			runOnlyForDeploymentPostprocessing = 0;
		};
/* End PBXFrameworksBuildPhase section */

/* Begin PBXGroup section */
		B37158B51C9A4CB100B79626 = {
			isa = PBXGroup;
			children = (
				B37158C01C9A4CB100B79626 /* SpaceShooter */,
				B37158BF1C9A4CB100B79626 /* Products */,
			);
			sourceTree = "<group>";
		};
		B37158BF1C9A4CB100B79626 /* Products */ = {
			isa = PBXGroup;
			children = (
				B37158BE1C9A4CB100B79626 /* SpaceShooter.app */,
			);
			name = Products;
			sourceTree = "<group>";
		};
		B37158C01C9A4CB100B79626 /* SpaceShooter */ = {
			isa = PBXGroup;
			children = (
				B37158C11C9A4CB100B79626 /* AppDelegate.swift */,
				B37158C31C9A4CB100B79626 /* GameScene.sks */,
				B37158C51C9A4CB100B79626 /* GameScene.swift */,
				B37158C71C9A4CB100B79626 /* GameViewController.swift */,
				B37158C91C9A4CB100B79626 /* Main.storyboard */,
				B37158CC1C9A4CB100B79626 /* Assets.xcassets */,
				B37158CE1C9A4CB100B79626 /* LaunchScreen.storyboard */,
				B37158D11C9A4CB100B79626 /* Info.plist */,
			);
			path = SpaceShooter;
			sourceTree = "<group>";
		};
/* End PBXGroup section */

/* Begin PBXNativeTarget section */
		B37158BD1C9A4CB100B79626 /* SpaceShooter */ = {
			isa = PBXNativeTarget;
			buildConfigurationList = B37158D41C9A4CB100B79626 /* Build configuration list for PBXNativeTarget "SpaceShooter" */;
			buildPhases = (
				B37158BA1C9A4CB100B79626 /* Sources */,
				B37158BB1C9A4CB100B79626 /* Frameworks */,
				B37158BC1C9A4CB100B79626 /* Resources */,
			);
			buildRules = (
			);
			dependencies = (
			);
			name = SpaceShooter;
			productName = SpaceShooter;
			productReference = B37158BE1C9A4CB100B79626 /* SpaceShooter.app */;
			productType = "com.apple.product-type.application";
		};
/* End PBXNativeTarget section */

/* Begin PBXProject section */
		B37158B61C9A4CB100B79626 /* Project object */ = {
			isa = PBXProject;
			attributes = {
				LastSwiftUpdateCheck = 0720;
				LastUpgradeCheck = 0720;
				ORGANIZATIONNAME = "Aldin Fajic";
				TargetAttributes = {
					B37158BD1C9A4CB100B79626 = {
						CreatedOnToolsVersion = 7.2.1;
					};
				};
			};
			buildConfigurationList = B37158B91C9A4CB100B79626 /* Build configuration list for PBXProject "SpaceShooter" */;
			compatibilityVersion = "Xcode 3.2";
			developmentRegion = English;
			hasScannedForEncodings = 0;
			knownRegions = (
				en,
				Base,
			);
			mainGroup = B37158B51C9A4CB100B79626;
			productRefGroup = B37158BF1C9A4CB100B79626 /* Products */;
			projectDirPath = "";
			projectRoot = "";
			targets = (
				B37158BD1C9A4CB100B79626 /* SpaceShooter */,
			);
		};
/* End PBXProject section */

/* Begin PBXResourcesBuildPhase section */
		B37158BC1C9A4CB100B79626 /* Resources */ = {
			isa = PBXResourcesBuildPhase;
			buildActionMask = 2147483647;
			files = (
				B37158C41C9A4CB100B79626 /* GameScene.sks in Resources */,
				B37158D01C9A4CB100B79626 /* LaunchScreen.storyboard in Resources */,
				B37158CD1C9A4CB100B79626 /* Assets.xcassets in Resources */,
				B37158CB1C9A4CB100B79626 /* Main.storyboard in Resources */,
			);
			runOnlyForDeploymentPostprocessing = 0;
		};
/* End PBXResourcesBuildPhase section */

/* Begin PBXSourcesBuildPhase section */
		B37158BA1C9A4CB100B79626 /* Sources */ = {
			isa = PBXSourcesBuildPhase;
			buildActionMask = 2147483647;
			files = (
				B37158C61C9A4CB100B79626 /* GameScene.swift in Sources */,
				B37158C81C9A4CB100B79626 /* GameViewController.swift in Sources */,
				B37158C21C9A4CB100B79626 /* AppDelegate.swift in Sources */,
			);
			runOnlyForDeploymentPostprocessing = 0;
		};
/* End PBXSourcesBuildPhase section */

/* Begin PBXVariantGroup section */
		B37158C91C9A4CB100B79626 /* Main.storyboard */ = {
			isa = PBXVariantGroup;
			children = (
				B37158CA1C9A4CB100B79626 /* Base */,
			);
			name = Main.storyboard;
			sourceTree = "<group>";
		};
		B37158CE1C9A4CB100B79626 /* LaunchScreen.storyboard */ = {
			isa = PBXVariantGroup;
			children = (
				B37158CF1C9A4CB100B79626 /* Base */,
			);
			name = LaunchScreen.storyboard;
			sourceTree = "<group>";
		};
/* End PBXVariantGroup section */

/* Begin XCBuildConfiguration section */
		B37158D21C9A4CB100B79626 /* Debug */ = {
			isa = XCBuildConfiguration;
			buildSettings = {
				ALWAYS_SEARCH_USER_PATHS = NO;
				CLANG_CXX_LANGUAGE_STANDARD = "gnu++0x";
				CLANG_CXX_LIBRARY = "libc++";
				CLANG_ENABLE_MODULES = YES;
				CLANG_ENABLE_OBJC_ARC = YES;
				CLANG_WARN_BOOL_CONVERSION = YES;
				CLANG_WARN_CONSTANT_CONVERSION = YES;
				CLANG_WARN_DIRECT_OBJC_ISA_USAGE = YES_ERROR;
				CLANG_WARN_EMPTY_BODY = YES;
				CLANG_WARN_ENUM_CONVERSION = YES;
				CLANG_WARN_INT_CONVERSION = YES;
				CLANG_WARN_OBJC_ROOT_CLASS = YES_ERROR;
				CLANG_WARN_UNREACHABLE_CODE = YES;
				CLANG_WARN__DUPLICATE_METHOD_MATCH = YES;
				"CODE_SIGN_IDENTITY[sdk=iphoneos*]" = "iPhone Developer";
				COPY_PHASE_STRIP = NO;
				DEBUG_INFORMATION_FORMAT = "dwarf-with-dsym";
				ENABLE_STRICT_OBJC_MSGSEND = YES;
				ENABLE_TESTABILITY = YES;
				GCC_C_LANGUAGE_STANDARD = gnu99;
				GCC_DYNAMIC_NO_PIC = NO;
				GCC_NO_COMMON_BLOCKS = YES;
				GCC_OPTIMIZATION_LEVEL = 0;
				GCC_PREPROCESSOR_DEFINITIONS = (
					"DEBUG=1",
					"$(inherited)",
				);
				GCC_WARN_64_TO_32_BIT_CONVERSION = YES;
				GCC_WARN_ABOUT_RETURN_TYPE = YES_ERROR;
				GCC_WARN_UNDECLARED_SELECTOR = YES;
				GCC_WARN_UNINITIALIZED_AUTOS = YES_AGGRESSIVE;
				GCC_WARN_UNUSED_FUNCTION = YES;
				GCC_WARN_UNUSED_VARIABLE = YES;
				IPHONEOS_DEPLOYMENT_TARGET = 9.2;
				MTL_ENABLE_DEBUG_INFO = YES;
				ONLY_ACTIVE_ARCH = YES;
				SDKROOT = iphoneos;
				SWIFT_OPTIMIZATION_LEVEL = "-Onone";
			};
			name = Debug;
		};
		B37158D31C9A4CB100B79626 /* Release */ = {
			isa = XCBuildConfiguration;
			buildSettings = {
				ALWAYS_SEARCH_USER_PATHS = NO;
				CLANG_CXX_LANGUAGE_STANDARD = "gnu++0x";
				CLANG_CXX_LIBRARY = "libc++";
				CLANG_ENABLE_MODULES = YES;
				CLANG_ENABLE_OBJC_ARC = YES;
				CLANG_WARN_BOOL_CONVERSION = YES;
				CLANG_WARN_CONSTANT_CONVERSION = YES;
				CLANG_WARN_DIRECT_OBJC_ISA_USAGE = YES_ERROR;
				CLANG_WARN_EMPTY_BODY = YES;
				CLANG_WARN_ENUM_CONVERSION = YES;
				CLANG_WARN_INT_CONVERSION = YES;
				CLANG_WARN_OBJC_ROOT_CLASS = YES_ERROR;
				CLANG_WARN_UNREACHABLE_CODE = YES;
				CLANG_WARN__DUPLICATE_METHOD_MATCH = YES;
				"CODE_SIGN_IDENTITY[sdk=iphoneos*]" = "iPhone Developer";
				COPY_PHASE_STRIP = NO;
				DEBUG_INFORMATION_FORMAT = "dwarf-with-dsym";
				ENABLE_NS_ASSERTIONS = NO;
				ENABLE_STRICT_OBJC_MSGSEND = YES;
				GCC_C_LANGUAGE_STANDARD = gnu99;
				GCC_NO_COMMON_BLOCKS = YES;
				GCC_WARN_64_TO_32_BIT_CONVERSION = YES;
				GCC_WARN_ABOUT_RETURN_TYPE = YES_ERROR;
				GCC_WARN_UNDECLARED_SELECTOR = YES;
				GCC_WARN_UNINITIALIZED_AUTOS = YES_AGGRESSIVE;
				GCC_WARN_UNUSED_FUNCTION = YES;
				GCC_WARN_UNUSED_VARIABLE = YES;
				IPHONEOS_DEPLOYMENT_TARGET = 9.2;
				MTL_ENABLE_DEBUG_INFO = NO;
				SDKROOT = iphoneos;
				VALIDATE_PRODUCT = YES;
			};
			name = Release;
		};
		B37158D51C9A4CB100B79626 /* Debug */ = {
			isa = XCBuildConfiguration;
			buildSettings = {
				ASSETCATALOG_COMPILER_APPICON_NAME = AppIcon;
				INFOPLIST_FILE = SpaceShooter/Info.plist;
				LD_RUNPATH_SEARCH_PATHS = "$(inherited) @executable_path/Frameworks";
				PRODUCT_BUNDLE_IDENTIFIER = com.app.af.SpaceShooter;
				PRODUCT_NAME = "$(TARGET_NAME)";
			};
			name = Debug;
		};
		B37158D61C9A4CB100B79626 /* Release */ = {
			isa = XCBuildConfiguration;
			buildSettings = {
				ASSETCATALOG_COMPILER_APPICON_NAME = AppIcon;
				INFOPLIST_FILE = SpaceShooter/Info.plist;
				LD_RUNPATH_SEARCH_PATHS = "$(inherited) @executable_path/Frameworks";
				PRODUCT_BUNDLE_IDENTIFIER = com.app.af.SpaceShooter;
				PRODUCT_NAME = "$(TARGET_NAME)";
			};
			name = Release;
		};
/* End XCBuildConfiguration section */

/* Begin XCConfigurationList section */
		B37158B91C9A4CB100B79626 /* Build configuration list for PBXProject "SpaceShooter" */ = {
			isa = XCConfigurationList;
			buildConfigurations = (
				B37158D21C9A4CB100B79626 /* Debug */,
				B37158D31C9A4CB100B79626 /* Release */,
			);
			defaultConfigurationIsVisible = 0;
			defaultConfigurationName = Release;
		};
		B37158D41C9A4CB100B79626 /* Build configuration list for PBXNativeTarget "SpaceShooter" */ = {
			isa = XCConfigurationList;
			buildConfigurations = (
				B37158D51C9A4CB100B79626 /* Debug */,
				B37158D61C9A4CB100B79626 /* Release */,
			);
			defaultConfigurationIsVisible = 0;
		};
/* End XCConfigurationList section */
	};
	rootObject = B37158B61C9A4CB100B79626 /* Project object */;
}
